
Microsoft Visual Studio Solution File, Format Version 12.00
# Visual Studio Version 17
VisualStudioVersion = 17.11.35222.181
MinimumVisualStudioVersion = 10.0.40219.1
Project("{FAE04EC0-301F-11D3-BF4B-00C04F79EFBC}") = "Khsw.Instrument.Demo", "Khsw.Instrument.Demo.csproj", "{CC38BF8E-0A77-4E1F-987D-F9C085D063B5}"
EndProject
Global
	GlobalSection(SolutionConfigurationPlatforms) = preSolution
		Debug|Any CPU = Debug|Any CPU
		Release|Any CPU = Release|Any CPU
	EndGlobalSection
	GlobalSection(ProjectConfigurationPlatforms) = postSolution
		{CC38BF8E-0A77-4E1F-987D-F9C085D063B5}.Debug|Any CPU.ActiveCfg = Debug|Any CPU
		{CC38BF8E-0A77-4E1F-987D-F9C085D063B5}.Debug|Any CPU.Build.0 = Debug|Any CPU
		{CC38BF8E-0A77-4E1F-987D-F9C085D063B5}.Release|Any CPU.ActiveCfg = Release|Any CPU
		{CC38BF8E-0A77-4E1F-987D-F9C085D063B5}.Release|Any CPU.Build.0 = Release|Any CPU
	EndGlobalSection
	GlobalSection(SolutionProperties) = preSolution
		HideSolutionNode = FALSE
	EndGlobalSection
	GlobalSection(ExtensibilityGlobals) = postSolution
		SolutionGuid = {144627A1-02CE-48DF-936E-6EB6834FA963}
	EndGlobalSection
EndGlobal
